<?xml version="1.0" encoding="utf-8"?>
<Project ToolsVersion="4.0" xmlns="http://schemas.microsoft.com/developer/msbuild/2003">
  <ItemGroup>
    <Filter Include="Source Files">
      <UniqueIdentifier>{4FC737F1-C7A5-4376-A066-2A32D752A2FF}</UniqueIdentifier>
      <Extensions>cpp;c;cc;cxx;c++;cppm;ixx;def;odl;idl;hpj;bat;asm;asmx</Extensions>
    </Filter>
    <Filter Include="Header Files">
      <UniqueIdentifier>{93995380-89BD-4b04-88EB-625FBE52EBFB}</UniqueIdentifier>
      <Extensions>h;hh;hpp;hxx;h++;hm;inl;inc;ipp;xsd</Extensions>
    </Filter>
    <Filter Include="Resource Files">
      <UniqueIdentifier>{67DA6AB6-F800-4c08-8B7A-83BB121AAD01}</UniqueIdentifier>
      <Extensions>rc;ico;cur;bmp;dlg;rc2;rct;bin;rgs;gif;jpg;jpeg;jpe;resx;tiff;tif;png;wav;mfcribbon-ms</Extensions>
    </Filter>
    <Filter Include="Source Files\Stages">
      <UniqueIdentifier>{b566c1e2-29a7-4b69-86d9-7972ef88853b}</UniqueIdentifier>
    </Filter>
    <Filter Include="Header Files\Stages">
      <UniqueIdentifier>{f0986e04-4ef2-4a8f-85a9-a3749b7a53cd}</UniqueIdentifier>
    </Filter>
    <Filter Include="Source Files\FileBuffer">
      <UniqueIdentifier>{3a346547-37ea-483b-8af7-759c336bd0ca}</UniqueIdentifier>
    </Filter>
    <Filter Include="Header Files\FileBuffer">
      <UniqueIdentifier>{a1c5224a-a074-4b9b-a84c-e9e94164f7b3}</UniqueIdentifier>
    </Filter>
    <Filter Include="Header Files\Storage">
      <UniqueIdentifier>{28f5299e-9dd0-40d7-b973-cfd5a651a974}</UniqueIdentifier>
    </Filter>
    <Filter Include="Source Files\Storage">
      <UniqueIdentifier>{97fec973-813e-41a6-a60b-619949943089}</UniqueIdentifier>
    </Filter>
    <Filter Include="Source Files\Node">
      <UniqueIdentifier>{ef250f72-a346-4d7f-ab25-ff6706e41d6a}</UniqueIdentifier>
    </Filter>
    <Filter Include="Header Files\Node">
      <UniqueIdentifier>{9debe0eb-1bb7-409c-8cad-92e9ef2ee96c}</UniqueIdentifier>
    </Filter>
  </ItemGroup>
  <ItemGroup>
    <ClCompile Include="src\main.cpp">
      <Filter>Source Files</Filter>
    </ClCompile>
    <ClCompile Include="src\Compiler.cpp">
      <Filter>Source Files</Filter>
    </ClCompile>
    <ClCompile Include="src\Lexical.cpp">
      <Filter>Source Files\Stages</Filter>
    </ClCompile>
    <ClCompile Include="src\TokenFileBuffer.cpp">
      <Filter>Source Files\FileBuffer</Filter>
    </ClCompile>
    <ClCompile Include="src\LogFileBuffer.cpp">
      <Filter>Source Files\FileBuffer</Filter>
    </ClCompile>
    <ClCompile Include="src\FileBuffer.cpp">
      <Filter>Source Files\FileBuffer</Filter>
    </ClCompile>
    <ClCompile Include="src\SymbolTableFileBuffer.cpp">
      <Filter>Source Files\FileBuffer</Filter>
    </ClCompile>
    <ClCompile Include="src\TokenList.cpp">
      <Filter>Source Files\Storage</Filter>
    </ClCompile>
    <ClCompile Include="src\SymbolTable.cpp">
      <Filter>Source Files\Storage</Filter>
    </ClCompile>
    <ClCompile Include="src\ReservedWords.cpp">
      <Filter>Source Files\Storage</Filter>
    </ClCompile>
    <ClCompile Include="src\SyntaxTree.cpp">
      <Filter>Source Files\Storage</Filter>
    </ClCompile>
    <ClCompile Include="src\StringTable.cpp">
      <Filter>Source Files</Filter>
    </ClCompile>
    <ClCompile Include="src\TokenNode.cpp">
      <Filter>Source Files\Node</Filter>
    </ClCompile>
    <ClCompile Include="src\Node.cpp">
      <Filter>Source Files\Node</Filter>
    </ClCompile>
  </ItemGroup>
  <ItemGroup>
    <ClInclude Include="src\globals.h">
      <Filter>Header Files</Filter>
    </ClInclude>
    <ClInclude Include="src\Compiler.h">
      <Filter>Header Files</Filter>
    </ClInclude>
    <ClInclude Include="src\Lexical.h">
      <Filter>Header Files\Stages</Filter>
    </ClInclude>
    <ClInclude Include="src\FileBuffer.h">
      <Filter>Header Files\FileBuffer</Filter>
    </ClInclude>
    <ClInclude Include="src\TokenFileBuffer.h">
      <Filter>Header Files\FileBuffer</Filter>
    </ClInclude>
    <ClInclude Include="src\LogFileBuffer.h">
      <Filter>Header Files\FileBuffer</Filter>
    </ClInclude>
    <ClInclude Include="src\SymbolTableFileBuffer.h">
      <Filter>Header Files\FileBuffer</Filter>
    </ClInclude>
    <ClInclude Include="src\TokenList.h">
      <Filter>Header Files\Storage</Filter>
    </ClInclude>
    <ClInclude Include="src\SymbolTable.h">
      <Filter>Header Files\Storage</Filter>
    </ClInclude>
    <ClInclude Include="src\ReservedWords.h">
      <Filter>Header Files\Storage</Filter>
    </ClInclude>
    <ClInclude Include="src\SyntaxTree.h">
      <Filter>Header Files\Storage</Filter>
    </ClInclude>
    <ClInclude Include="src\StringTable.h">
      <Filter>Header Files</Filter>
    </ClInclude>
    <ClInclude Include="src\Node.h">
      <Filter>Header Files\Node</Filter>
    </ClInclude>
    <ClInclude Include="src\TokenNode.h">
      <Filter>Header Files\Node</Filter>
    </ClInclude>
  </ItemGroup>
  <ItemGroup>
    <None Include="res\Test1.cp">
      <Filter>Resource Files</Filter>
    </None>
    <None Include="res\Test2.cp">
      <Filter>Resource Files</Filter>
    </None>
    <None Include="res\Test3.cp">
      <Filter>Resource Files</Filter>
    </None>
    <None Include="res\Test4.cp">
      <Filter>Resource Files</Filter>
    </None>
    <None Include="res\Test5.cp">
      <Filter>Resource Files</Filter>
    </None>
    <None Include="res\Test6.cp">
      <Filter>Resource Files</Filter>
    </None>
    <None Include="res\Test7.cp">
      <Filter>Resource Files</Filter>
    </None>
    <None Include="res\Test8.cp">
      <Filter>Resource Files</Filter>
    </None>
    <None Include="res\Test9.cp">
      <Filter>Resource Files</Filter>
    </None>
    <None Include="res\Test0.cp">
      <Filter>Resource Files</Filter>
    </None>
    <None Include="res\e1.cp">
      <Filter>Resource Files</Filter>
    </None>
    <None Include="res\grammar.cpg">
      <Filter>Resource Files</Filter>
    </None>
    <None Include="res\Test10.cp">
      <Filter>Resource Files</Filter>
    </None>
    <None Include="res\Test11.cp">
      <Filter>Resource Files</Filter>
    </None>
    <None Include="res\Test12.cp">
      <Filter>Resource Files</Filter>
    </None>
  </ItemGroup>
  <ItemGroup>
    <Text Include="Test0.log" />
  </ItemGroup>
</Project>